
Microsoft Visual Studio Solution File, Format Version 12.00
# Visual Studio 14
VisualStudioVersion = 14.0.25420.1
MinimumVisualStudioVersion = 10.0.40219.1
Project("{FAE04EC0-301F-11D3-BF4B-00C04F79EFBC}") = "BolognesePlayer", "BolognesePlayer\BolognesePlayer.csproj", "{7F56FC2F-59DA-4D83-B72D-2B585C96A7CC}"
EndProject
Global
	GlobalSection(SolutionConfigurationPlatforms) = preSolution
		Debug|Any CPU = Debug|Any CPU
		Release|Any CPU = Release|Any CPU
	EndGlobalSection
	GlobalSection(ProjectConfigurationPlatforms) = postSolution
		{7F56FC2F-59DA-4D83-B72D-2B585C96A7CC}.Debug|Any CPU.ActiveCfg = Debug|Any CPU
		{7F56FC2F-59DA-4D83-B72D-2B585C96A7CC}.Debug|Any CPU.Build.0 = Debug|Any CPU
		{7F56FC2F-59DA-4D83-B72D-2B585C96A7CC}.Release|Any CPU.ActiveCfg = Release|Any CPU
		{7F56FC2F-59DA-4D83-B72D-2B585C96A7CC}.Release|Any CPU.Build.0 = Release|Any CPU
	EndGlobalSection
	GlobalSection(SolutionProperties) = preSolution
		HideSolutionNode = FALSE
	EndGlobalSection
EndGlobal
